
Microsoft Visual Studio Solution File, Format Version 12.00
# Visual Studio Version 17
VisualStudioVersion = 17.11.35312.102
MinimumVisualStudioVersion = 10.0.40219.1
Project("{FAE04EC0-301F-11D3-BF4B-00C04F79EFBC}") = "lab3.2", "lab3.2.csproj", "{43998294-49C7-47FB-B561-2CFFA17D154B}"
EndProject
Global
	GlobalSection(SolutionConfigurationPlatforms) = preSolution
		Debug|Any CPU = Debug|Any CPU
		Release|Any CPU = Release|Any CPU
	EndGlobalSection
	GlobalSection(ProjectConfigurationPlatforms) = postSolution
		{43998294-49C7-47FB-B561-2CFFA17D154B}.Debug|Any CPU.ActiveCfg = Debug|Any CPU
		{43998294-49C7-47FB-B561-2CFFA17D154B}.Debug|Any CPU.Build.0 = Debug|Any CPU
		{43998294-49C7-47FB-B561-2CFFA17D154B}.Release|Any CPU.ActiveCfg = Release|Any CPU
		{43998294-49C7-47FB-B561-2CFFA17D154B}.Release|Any CPU.Build.0 = Release|Any CPU
	EndGlobalSection
	GlobalSection(SolutionProperties) = preSolution
		HideSolutionNode = FALSE
	EndGlobalSection
	GlobalSection(ExtensibilityGlobals) = postSolution
		SolutionGuid = {D49D1494-A4E7-4E1C-9C18-875FAEAD5B29}
	EndGlobalSection
EndGlobal
